{
  "originHash" : "444b6f601dc25c72d1208a0d292722624df0bcdd5de75c9e4396b3e1a3a93f5e",
  "pins" : [
    {
      "identity" : "project-description",
      "kind" : "remoteSourceControl",
      "location" : "https://github.com/geko-tech/project-description",
      "state" : {
        "branch" : "release/1.0.0",
        "revision" : "163340426179ebd12ef856cd762c7868451bef08"
      }
    }
  ],
  "version" : 3
}
